
Microsoft Visual Studio Solution File, Format Version 12.00
# Visual Studio 14
VisualStudioVersion = 14.0.25420.1
MinimumVisualStudioVersion = 10.0.40219.1
Project("{FAE04EC0-301F-11D3-BF4B-00C04F79EFBC}") = "Orbital_11.18.17", "Orbital_11.18.17\Orbital_11.18.17.csproj", "{A62ACB6A-6977-4703-976F-2DA860E3968A}"
EndProject
Global
	GlobalSection(SolutionConfigurationPlatforms) = preSolution
		Debug|Any CPU = Debug|Any CPU
		Release|Any CPU = Release|Any CPU
	EndGlobalSection
	GlobalSection(ProjectConfigurationPlatforms) = postSolution
		{A62ACB6A-6977-4703-976F-2DA860E3968A}.Debug|Any CPU.ActiveCfg = Debug|Any CPU
		{A62ACB6A-6977-4703-976F-2DA860E3968A}.Debug|Any CPU.Build.0 = Debug|Any CPU
		{A62ACB6A-6977-4703-976F-2DA860E3968A}.Release|Any CPU.ActiveCfg = Release|Any CPU
		{A62ACB6A-6977-4703-976F-2DA860E3968A}.Release|Any CPU.Build.0 = Release|Any CPU
	EndGlobalSection
	GlobalSection(SolutionProperties) = preSolution
		HideSolutionNode = FALSE
	EndGlobalSection
EndGlobal
